
Microsoft Visual Studio Solution File, Format Version 12.00
# Visual Studio Version 17
VisualStudioVersion = 17.9.34728.123
MinimumVisualStudioVersion = 10.0.40219.1
Project("{FAE04EC0-301F-11D3-BF4B-00C04F79EFBC}") = "Menu-SGBr", "Menu-SGBr\Menu-SGBr.csproj", "{6DEE9999-85DA-4814-A698-EA408C4EDB51}"
EndProject
Global
	GlobalSection(SolutionConfigurationPlatforms) = preSolution
		Debug|Any CPU = Debug|Any CPU
		Release|Any CPU = Release|Any CPU
	EndGlobalSection
	GlobalSection(ProjectConfigurationPlatforms) = postSolution
		{6DEE9999-85DA-4814-A698-EA408C4EDB51}.Debug|Any CPU.ActiveCfg = Debug|Any CPU
		{6DEE9999-85DA-4814-A698-EA408C4EDB51}.Debug|Any CPU.Build.0 = Debug|Any CPU
		{6DEE9999-85DA-4814-A698-EA408C4EDB51}.Release|Any CPU.ActiveCfg = Release|Any CPU
		{6DEE9999-85DA-4814-A698-EA408C4EDB51}.Release|Any CPU.Build.0 = Release|Any CPU
	EndGlobalSection
	GlobalSection(SolutionProperties) = preSolution
		HideSolutionNode = FALSE
	EndGlobalSection
	GlobalSection(ExtensibilityGlobals) = postSolution
		SolutionGuid = {C1D9F1D1-E1A3-40F7-AB98-7BFDD9FC6A9E}
	EndGlobalSection
EndGlobal
